// !$*UTF8*$!
{
	archiveVersion = 1;
	classes = {
	};
	objectVersion = 50;
	objects = {

/* Begin PBXBuildFile section */
		916A7136212DE3F3003FE485 /* AppDelegate.swift in Sources */ = {isa = PBXBuildFile; fileRef = 916A7135212DE3F3003FE485 /* AppDelegate.swift */; };
		916A7138212DE3F3003FE485 /* ViewController.swift in Sources */ = {isa = PBXBuildFile; fileRef = 916A7137212DE3F3003FE485 /* ViewController.swift */; };
		916A713B212DE3F3003FE485 /* Main.storyboard in Resources */ = {isa = PBXBuildFile; fileRef = 916A7139212DE3F3003FE485 /* Main.storyboard */; };
		916A713D212DE3F6003FE485 /* Assets.xcassets in Resources */ = {isa = PBXBuildFile; fileRef = 916A713C212DE3F6003FE485 /* Assets.xcassets */; };
		916A7140212DE3F6003FE485 /* LaunchScreen.storyboard in Resources */ = {isa = PBXBuildFile; fileRef = 916A713E212DE3F6003FE485 /* LaunchScreen.storyboard */; };
		916A714B212DE3F7003FE485 /* GitCollaborationTests.swift in Sources */ = {isa = PBXBuildFile; fileRef = 916A714A212DE3F7003FE485 /* GitCollaborationTests.swift */; };
		916A7156212DE3F7003FE485 /* GitCollaborationUITests.swift in Sources */ = {isa = PBXBuildFile; fileRef = 916A7155212DE3F7003FE485 /* GitCollaborationUITests.swift */; };
		916A7164212DE876003FE485 /* Color.swift in Sources */ = {isa = PBXBuildFile; fileRef = 916A7163212DE876003FE485 /* Color.swift */; };
/* End PBXBuildFile section */

/* Begin PBXContainerItemProxy section */
		916A7147212DE3F7003FE485 /* PBXContainerItemProxy */ = {
			isa = PBXContainerItemProxy;
			containerPortal = 916A712A212DE3F3003FE485 /* Project object */;
			proxyType = 1;
			remoteGlobalIDString = 916A7131212DE3F3003FE485;
			remoteInfo = GitCollaboration;
		};
		916A7152212DE3F7003FE485 /* PBXContainerItemProxy */ = {
			isa = PBXContainerItemProxy;
			containerPortal = 916A712A212DE3F3003FE485 /* Project object */;
			proxyType = 1;
			remoteGlobalIDString = 916A7131212DE3F3003FE485;
			remoteInfo = GitCollaboration;
		};
/* End PBXContainerItemProxy section */

/* Begin PBXFileReference section */
		916A7132212DE3F3003FE485 /* GitCollaboration.app */ = {isa = PBXFileReference; explicitFileType = wrapper.application; includeInIndex = 0; path = GitCollaboration.app; sourceTree = BUILT_PRODUCTS_DIR; };
		916A7135212DE3F3003FE485 /* AppDelegate.swift */ = {isa = PBXFileReference; lastKnownFileType = sourcecode.swift; path = AppDelegate.swift; sourceTree = "<group>"; };
		916A7137212DE3F3003FE485 /* ViewController.swift */ = {isa = PBXFileReference; lastKnownFileType = sourcecode.swift; path = ViewController.swift; sourceTree = "<group>"; };
		916A713A212DE3F3003FE485 /* Base */ = {isa = PBXFileReference; lastKnownFileType = file.storyboard; name = Base; path = Base.lproj/Main.storyboard; sourceTree = "<group>"; };
		916A713C212DE3F6003FE485 /* Assets.xcassets */ = {isa = PBXFileReference; lastKnownFileType = folder.assetcatalog; path = Assets.xcassets; sourceTree = "<group>"; };
		916A713F212DE3F6003FE485 /* Base */ = {isa = PBXFileReference; lastKnownFileType = file.storyboard; name = Base; path = Base.lproj/LaunchScreen.storyboard; sourceTree = "<group>"; };
		916A7141212DE3F6003FE485 /* Info.plist */ = {isa = PBXFileReference; lastKnownFileType = text.plist.xml; path = Info.plist; sourceTree = "<group>"; };
		916A7146212DE3F7003FE485 /* GitCollaborationTests.xctest */ = {isa = PBXFileReference; explicitFileType = wrapper.cfbundle; includeInIndex = 0; path = GitCollaborationTests.xctest; sourceTree = BUILT_PRODUCTS_DIR; };
		916A714A212DE3F7003FE485 /* GitCollaborationTests.swift */ = {isa = PBXFileReference; lastKnownFileType = sourcecode.swift; path = GitCollaborationTests.swift; sourceTree = "<group>"; };
		916A714C212DE3F7003FE485 /* Info.plist */ = {isa = PBXFileReference; lastKnownFileType = text.plist.xml; path = Info.plist; sourceTree = "<group>"; };
		916A7151212DE3F7003FE485 /* GitCollaborationUITests.xctest */ = {isa = PBXFileReference; explicitFileType = wrapper.cfbundle; includeInIndex = 0; path = GitCollaborationUITests.xctest; sourceTree = BUILT_PRODUCTS_DIR; };
		916A7155212DE3F7003FE485 /* GitCollaborationUITests.swift */ = {isa = PBXFileReference; lastKnownFileType = sourcecode.swift; path = GitCollaborationUITests.swift; sourceTree = "<group>"; };
		916A7157212DE3F7003FE485 /* Info.plist */ = {isa = PBXFileReference; lastKnownFileType = text.plist.xml; path = Info.plist; sourceTree = "<group>"; };
		916A7163212DE876003FE485 /* Color.swift */ = {isa = PBXFileReference; lastKnownFileType = sourcecode.swift; path = Color.swift; sourceTree = "<group>"; };
/* End PBXFileReference section */

/* Begin PBXFrameworksBuildPhase section */
		916A712F212DE3F3003FE485 /* Frameworks */ = {
			isa = PBXFrameworksBuildPhase;
			buildActionMask = 2147483647;
			files = (
			);
			runOnlyForDeploymentPostprocessing = 0;
		};
		916A7143212DE3F7003FE485 /* Frameworks */ = {
			isa = PBXFrameworksBuildPhase;
			buildActionMask = 2147483647;
			files = (
			);
			runOnlyForDeploymentPostprocessing = 0;
		};
		916A714E212DE3F7003FE485 /* Frameworks */ = {
			isa = PBXFrameworksBuildPhase;
			buildActionMask = 2147483647;
			files = (
			);
			runOnlyForDeploymentPostprocessing = 0;
		};
/* End PBXFrameworksBuildPhase section */

/* Begin PBXGroup section */
		916A7129212DE3F3003FE485 = {
			isa = PBXGroup;
			children = (
				916A7134212DE3F3003FE485 /* GitCollaboration */,
				916A7149212DE3F7003FE485 /* GitCollaborationTests */,
				916A7154212DE3F7003FE485 /* GitCollaborationUITests */,
				916A7133212DE3F3003FE485 /* Products */,
			);
			sourceTree = "<group>";
		};
		916A7133212DE3F3003FE485 /* Products */ = {
			isa = PBXGroup;
			children = (
				916A7132212DE3F3003FE485 /* GitCollaboration.app */,
				916A7146212DE3F7003FE485 /* GitCollaborationTests.xctest */,
				916A7151212DE3F7003FE485 /* GitCollaborationUITests.xctest */,
			);
			name = Products;
			sourceTree = "<group>";
		};
		916A7134212DE3F3003FE485 /* GitCollaboration */ = {
			isa = PBXGroup;
			children = (
				916A7163212DE876003FE485 /* Color.swift */,
				916A7135212DE3F3003FE485 /* AppDelegate.swift */,
				916A7137212DE3F3003FE485 /* ViewController.swift */,
				916A7139212DE3F3003FE485 /* Main.storyboard */,
				916A713C212DE3F6003FE485 /* Assets.xcassets */,
				916A713E212DE3F6003FE485 /* LaunchScreen.storyboard */,
				916A7141212DE3F6003FE485 /* Info.plist */,
			);
			path = GitCollaboration;
			sourceTree = "<group>";
		};
		916A7149212DE3F7003FE485 /* GitCollaborationTests */ = {
			isa = PBXGroup;
			children = (
				916A714A212DE3F7003FE485 /* GitCollaborationTests.swift */,
				916A714C212DE3F7003FE485 /* Info.plist */,
			);
			path = GitCollaborationTests;
			sourceTree = "<group>";
		};
		916A7154212DE3F7003FE485 /* GitCollaborationUITests */ = {
			isa = PBXGroup;
			children = (
				916A7155212DE3F7003FE485 /* GitCollaborationUITests.swift */,
				916A7157212DE3F7003FE485 /* Info.plist */,
			);
			path = GitCollaborationUITests;
			sourceTree = "<group>";
		};
/* End PBXGroup section */

/* Begin PBXNativeTarget section */
		916A7131212DE3F3003FE485 /* GitCollaboration */ = {
			isa = PBXNativeTarget;
			buildConfigurationList = 916A715A212DE3F7003FE485 /* Build configuration list for PBXNativeTarget "GitCollaboration" */;
			buildPhases = (
				916A712E212DE3F3003FE485 /* Sources */,
				916A712F212DE3F3003FE485 /* Frameworks */,
				916A7130212DE3F3003FE485 /* Resources */,
			);
			buildRules = (
			);
			dependencies = (
			);
			name = GitCollaboration;
			productName = GitCollaboration;
			productReference = 916A7132212DE3F3003FE485 /* GitCollaboration.app */;
			productType = "com.apple.product-type.application";
		};
		916A7145212DE3F7003FE485 /* GitCollaborationTests */ = {
			isa = PBXNativeTarget;
			buildConfigurationList = 916A715D212DE3F7003FE485 /* Build configuration list for PBXNativeTarget "GitCollaborationTests" */;
			buildPhases = (
				916A7142212DE3F7003FE485 /* Sources */,
				916A7143212DE3F7003FE485 /* Frameworks */,
				916A7144212DE3F7003FE485 /* Resources */,
			);
			buildRules = (
			);
			dependencies = (
				916A7148212DE3F7003FE485 /* PBXTargetDependency */,
			);
			name = GitCollaborationTests;
			productName = GitCollaborationTests;
			productReference = 916A7146212DE3F7003FE485 /* GitCollaborationTests.xctest */;
			productType = "com.apple.product-type.bundle.unit-test";
		};
		916A7150212DE3F7003FE485 /* GitCollaborationUITests */ = {
			isa = PBXNativeTarget;
			buildConfigurationList = 916A7160212DE3F7003FE485 /* Build configuration list for PBXNativeTarget "GitCollaborationUITests" */;
			buildPhases = (
				916A714D212DE3F7003FE485 /* Sources */,
				916A714E212DE3F7003FE485 /* Frameworks */,
				916A714F212DE3F7003FE485 /* Resources */,
			);
			buildRules = (
			);
			dependencies = (
				916A7153212DE3F7003FE485 /* PBXTargetDependency */,
			);
			name = GitCollaborationUITests;
			productName = GitCollaborationUITests;
			productReference = 916A7151212DE3F7003FE485 /* GitCollaborationUITests.xctest */;
			productType = "com.apple.product-type.bundle.ui-testing";
		};
/* End PBXNativeTarget section */

/* Begin PBXProject section */
		916A712A212DE3F3003FE485 /* Project object */ = {
			isa = PBXProject;
			attributes = {
				LastSwiftUpdateCheck = 0940;
				LastUpgradeCheck = 0940;
				ORGANIZATIONNAME = Bennett;
				TargetAttributes = {
					916A7131212DE3F3003FE485 = {
						CreatedOnToolsVersion = 9.4.1;
					};
					916A7145212DE3F7003FE485 = {
						CreatedOnToolsVersion = 9.4.1;
						TestTargetID = 916A7131212DE3F3003FE485;
					};
					916A7150212DE3F7003FE485 = {
						CreatedOnToolsVersion = 9.4.1;
						TestTargetID = 916A7131212DE3F3003FE485;
					};
				};
			};
			buildConfigurationList = 916A712D212DE3F3003FE485 /* Build configuration list for PBXProject "GitCollaboration" */;
			compatibilityVersion = "Xcode 9.3";
			developmentRegion = en;
			hasScannedForEncodings = 0;
			knownRegions = (
				en,
				Base,
			);
			mainGroup = 916A7129212DE3F3003FE485;
			productRefGroup = 916A7133212DE3F3003FE485 /* Products */;
			projectDirPath = "";
			projectRoot = "";
			targets = (
				916A7131212DE3F3003FE485 /* GitCollaboration */,
				916A7145212DE3F7003FE485 /* GitCollaborationTests */,
				916A7150212DE3F7003FE485 /* GitCollaborationUITests */,
			);
		};
/* End PBXProject section */

/* Begin PBXResourcesBuildPhase section */
		916A7130212DE3F3003FE485 /* Resources */ = {
			isa = PBXResourcesBuildPhase;
			buildActionMask = 2147483647;
			files = (
				916A7140212DE3F6003FE485 /* LaunchScreen.storyboard in Resources */,
				916A713D212DE3F6003FE485 /* Assets.xcassets in Resources */,
				916A713B212DE3F3003FE485 /* Main.storyboard in Resources */,
			);
			runOnlyForDeploymentPostprocessing = 0;
		};
		916A7144212DE3F7003FE485 /* Resources */ = {
			isa = PBXResourcesBuildPhase;
			buildActionMask = 2147483647;
			files = (
			);
			runOnlyForDeploymentPostprocessing = 0;
		};
		916A714F212DE3F7003FE485 /* Resources */ = {
			isa = PBXResourcesBuildPhase;
			buildActionMask = 2147483647;
			files = (
			);
			runOnlyForDeploymentPostprocessing = 0;
		};
/* End PBXResourcesBuildPhase section */

/* Begin PBXSourcesBuildPhase section */
		916A712E212DE3F3003FE485 /* Sources */ = {
			isa = PBXSourcesBuildPhase;
			buildActionMask = 2147483647;
			files = (
				916A7138212DE3F3003FE485 /* ViewController.swift in Sources */,
				916A7136212DE3F3003FE485 /* AppDelegate.swift in Sources */,
				916A7164212DE876003FE485 /* Color.swift in Sources */,
			);
			runOnlyForDeploymentPostprocessing = 0;
		};
		916A7142212DE3F7003FE485 /* Sources */ = {
			isa = PBXSourcesBuildPhase;
			buildActionMask = 2147483647;
			files = (
				916A714B212DE3F7003FE485 /* GitCollaborationTests.swift in Sources */,
			);
			runOnlyForDeploymentPostprocessing = 0;
		};
		916A714D212DE3F7003FE485 /* Sources */ = {
			isa = PBXSourcesBuildPhase;
			buildActionMask = 2147483647;
			files = (
				916A7156212DE3F7003FE485 /* GitCollaborationUITests.swift in Sources */,
			);
			runOnlyForDeploymentPostprocessing = 0;
		};
/* End PBXSourcesBuildPhase section */

/* Begin PBXTargetDependency section */
		916A7148212DE3F7003FE485 /* PBXTargetDependency */ = {
			isa = PBXTargetDependency;
			target = 916A7131212DE3F3003FE485 /* GitCollaboration */;
			targetProxy = 916A7147212DE3F7003FE485 /* PBXContainerItemProxy */;
		};
		916A7153212DE3F7003FE485 /* PBXTargetDependency */ = {
			isa = PBXTargetDependency;
			target = 916A7131212DE3F3003FE485 /* GitCollaboration */;
			targetProxy = 916A7152212DE3F7003FE485 /* PBXContainerItemProxy */;
		};
/* End PBXTargetDependency section */

/* Begin PBXVariantGroup section */
		916A7139212DE3F3003FE485 /* Main.storyboard */ = {
			isa = PBXVariantGroup;
			children = (
				916A713A212DE3F3003FE485 /* Base */,
			);
			name = Main.storyboard;
			sourceTree = "<group>";
		};
		916A713E212DE3F6003FE485 /* LaunchScreen.storyboard */ = {
			isa = PBXVariantGroup;
			children = (
				916A713F212DE3F6003FE485 /* Base */,
			);
			name = LaunchScreen.storyboard;
			sourceTree = "<group>";
		};
/* End PBXVariantGroup section */

/* Begin XCBuildConfiguration section */
		916A7158212DE3F7003FE485 /* Debug */ = {
			isa = XCBuildConfiguration;
			buildSettings = {
				ALWAYS_SEARCH_USER_PATHS = NO;
				CLANG_ANALYZER_NONNULL = YES;
				CLANG_ANALYZER_NUMBER_OBJECT_CONVERSION = YES_AGGRESSIVE;
				CLANG_CXX_LANGUAGE_STANDARD = "gnu++14";
				CLANG_CXX_LIBRARY = "libc++";
				CLANG_ENABLE_MODULES = YES;
				CLANG_ENABLE_OBJC_ARC = YES;
				CLANG_ENABLE_OBJC_WEAK = YES;
				CLANG_WARN_BLOCK_CAPTURE_AUTORELEASING = YES;
				CLANG_WARN_BOOL_CONVERSION = YES;
				CLANG_WARN_COMMA = YES;
				CLANG_WARN_CONSTANT_CONVERSION = YES;
				CLANG_WARN_DEPRECATED_OBJC_IMPLEMENTATIONS = YES;
				CLANG_WARN_DIRECT_OBJC_ISA_USAGE = YES_ERROR;
				CLANG_WARN_DOCUMENTATION_COMMENTS = YES;
				CLANG_WARN_EMPTY_BODY = YES;
				CLANG_WARN_ENUM_CONVERSION = YES;
				CLANG_WARN_INFINITE_RECURSION = YES;
				CLANG_WARN_INT_CONVERSION = YES;
				CLANG_WARN_NON_LITERAL_NULL_CONVERSION = YES;
				CLANG_WARN_OBJC_IMPLICIT_RETAIN_SELF = YES;
				CLANG_WARN_OBJC_LITERAL_CONVERSION = YES;
				CLANG_WARN_OBJC_ROOT_CLASS = YES_ERROR;
				CLANG_WARN_RANGE_LOOP_ANALYSIS = YES;
				CLANG_WARN_STRICT_PROTOTYPES = YES;
				CLANG_WARN_SUSPICIOUS_MOVE = YES;
				CLANG_WARN_UNGUARDED_AVAILABILITY = YES_AGGRESSIVE;
				CLANG_WARN_UNREACHABLE_CODE = YES;
				CLANG_WARN__DUPLICATE_METHOD_MATCH = YES;
				CODE_SIGN_IDENTITY = "iPhone Developer";
				COPY_PHASE_STRIP = NO;
				DEBUG_INFORMATION_FORMAT = dwarf;
				ENABLE_STRICT_OBJC_MSGSEND = YES;
				ENABLE_TESTABILITY = YES;
				GCC_C_LANGUAGE_STANDARD = gnu11;
				GCC_DYNAMIC_NO_PIC = NO;
				GCC_NO_COMMON_BLOCKS = YES;
				GCC_OPTIMIZATION_LEVEL = 0;
				GCC_PREPROCESSOR_DEFINITIONS = (
					"DEBUG=1",
					"$(inherited)",
				);
				GCC_WARN_64_TO_32_BIT_CONVERSION = YES;
				GCC_WARN_ABOUT_RETURN_TYPE = YES_ERROR;
				GCC_WARN_UNDECLARED_SELECTOR = YES;
				GCC_WARN_UNINITIALIZED_AUTOS = YES_AGGRESSIVE;
				GCC_WARN_UNUSED_FUNCTION = YES;
				GCC_WARN_UNUSED_VARIABLE = YES;
				IPHONEOS_DEPLOYMENT_TARGET = 11.4;
				MTL_ENABLE_DEBUG_INFO = YES;
				ONLY_ACTIVE_ARCH = YES;
				SDKROOT = iphoneos;
				SWIFT_ACTIVE_COMPILATION_CONDITIONS = DEBUG;
				SWIFT_OPTIMIZATION_LEVEL = "-Onone";
			};
			name = Debug;
		};
		916A7159212DE3F7003FE485 /* Release */ = {
			isa = XCBuildConfiguration;
			buildSettings = {
				ALWAYS_SEARCH_USER_PATHS = NO;
				CLANG_ANALYZER_NONNULL = YES;
				CLANG_ANALYZER_NUMBER_OBJECT_CONVERSION = YES_AGGRESSIVE;
				CLANG_CXX_LANGUAGE_STANDARD = "gnu++14";
				CLANG_CXX_LIBRARY = "libc++";
				CLANG_ENABLE_MODULES = YES;
				CLANG_ENABLE_OBJC_ARC = YES;
				CLANG_ENABLE_OBJC_WEAK = YES;
				CLANG_WARN_BLOCK_CAPTURE_AUTORELEASING = YES;
				CLANG_WARN_BOOL_CONVERSION = YES;
				CLANG_WARN_COMMA = YES;
				CLANG_WARN_CONSTANT_CONVERSION = YES;
				CLANG_WARN_DEPRECATED_OBJC_IMPLEMENTATIONS = YES;
				CLANG_WARN_DIRECT_OBJC_ISA_USAGE = YES_ERROR;
				CLANG_WARN_DOCUMENTATION_COMMENTS = YES;
				CLANG_WARN_EMPTY_BODY = YES;
				CLANG_WARN_ENUM_CONVERSION = YES;
				CLANG_WARN_INFINITE_RECURSION = YES;
				CLANG_WARN_INT_CONVERSION = YES;
				CLANG_WARN_NON_LITERAL_NULL_CONVERSION = YES;
				CLANG_WARN_OBJC_IMPLICIT_RETAIN_SELF = YES;
				CLANG_WARN_OBJC_LITERAL_CONVERSION = YES;
				CLANG_WARN_OBJC_ROOT_CLASS = YES_ERROR;
				CLANG_WARN_RANGE_LOOP_ANALYSIS = YES;
				CLANG_WARN_STRICT_PROTOTYPES = YES;
				CLANG_WARN_SUSPICIOUS_MOVE = YES;
				CLANG_WARN_UNGUARDED_AVAILABILITY = YES_AGGRESSIVE;
				CLANG_WARN_UNREACHABLE_CODE = YES;
				CLANG_WARN__DUPLICATE_METHOD_MATCH = YES;
				CODE_SIGN_IDENTITY = "iPhone Developer";
				COPY_PHASE_STRIP = NO;
				DEBUG_INFORMATION_FORMAT = "dwarf-with-dsym";
				ENABLE_NS_ASSERTIONS = NO;
				ENABLE_STRICT_OBJC_MSGSEND = YES;
				GCC_C_LANGUAGE_STANDARD = gnu11;
				GCC_NO_COMMON_BLOCKS = YES;
				GCC_WARN_64_TO_32_BIT_CONVERSION = YES;
				GCC_WARN_ABOUT_RETURN_TYPE = YES_ERROR;
				GCC_WARN_UNDECLARED_SELECTOR = YES;
				GCC_WARN_UNINITIALIZED_AUTOS = YES_AGGRESSIVE;
				GCC_WARN_UNUSED_FUNCTION = YES;
				GCC_WARN_UNUSED_VARIABLE = YES;
				IPHONEOS_DEPLOYMENT_TARGET = 11.4;
				MTL_ENABLE_DEBUG_INFO = NO;
				SDKROOT = iphoneos;
				SWIFT_COMPILATION_MODE = wholemodule;
				SWIFT_OPTIMIZATION_LEVEL = "-O";
				VALIDATE_PRODUCT = YES;
			};
			name = Release;
		};
		916A715B212DE3F7003FE485 /* Debug */ = {
			isa = XCBuildConfiguration;
			buildSettings = {
				ASSETCATALOG_COMPILER_APPICON_NAME = AppIcon;
				CODE_SIGN_STYLE = Automatic;
				INFOPLIST_FILE = GitCollaboration/Info.plist;
				LD_RUNPATH_SEARCH_PATHS = (
					"$(inherited)",
					"@executable_path/Frameworks",
				);
				PRODUCT_BUNDLE_IDENTIFIER = com.bennett.GitCollaboration;
				PRODUCT_NAME = "$(TARGET_NAME)";
				SWIFT_VERSION = 4.0;
				TARGETED_DEVICE_FAMILY = "1,2";
			};
			name = Debug;
		};
		916A715C212DE3F7003FE485 /* Release */ = {
			isa = XCBuildConfiguration;
			buildSettings = {
				ASSETCATALOG_COMPILER_APPICON_NAME = AppIcon;
				CODE_SIGN_STYLE = Automatic;
				INFOPLIST_FILE = GitCollaboration/Info.plist;
				LD_RUNPATH_SEARCH_PATHS = (
					"$(inherited)",
					"@executable_path/Frameworks",
				);
				PRODUCT_BUNDLE_IDENTIFIER = com.bennett.GitCollaboration;
				PRODUCT_NAME = "$(TARGET_NAME)";
				SWIFT_VERSION = 4.0;
				TARGETED_DEVICE_FAMILY = "1,2";
			};
			name = Release;
		};
		916A715E212DE3F7003FE485 /* Debug */ = {
			isa = XCBuildConfiguration;
			buildSettings = {
				ALWAYS_EMBED_SWIFT_STANDARD_LIBRARIES = YES;
				BUNDLE_LOADER = "$(TEST_HOST)";
				CODE_SIGN_STYLE = Automatic;
				INFOPLIST_FILE = GitCollaborationTests/Info.plist;
				LD_RUNPATH_SEARCH_PATHS = (
					"$(inherited)",
					"@executable_path/Frameworks",
					"@loader_path/Frameworks",
				);
				PRODUCT_BUNDLE_IDENTIFIER = com.bennett.GitCollaborationTests;
				PRODUCT_NAME = "$(TARGET_NAME)";
				SWIFT_VERSION = 4.0;
				TARGETED_DEVICE_FAMILY = "1,2";
				TEST_HOST = "$(BUILT_PRODUCTS_DIR)/GitCollaboration.app/GitCollaboration";
			};
			name = Debug;
		};
		916A715F212DE3F7003FE485 /* Release */ = {
			isa = XCBuildConfiguration;
			buildSettings = {
				ALWAYS_EMBED_SWIFT_STANDARD_LIBRARIES = YES;
				BUNDLE_LOADER = "$(TEST_HOST)";
				CODE_SIGN_STYLE = Automatic;
				INFOPLIST_FILE = GitCollaborationTests/Info.plist;
				LD_RUNPATH_SEARCH_PATHS = (
					"$(inherited)",
					"@executable_path/Frameworks",
					"@loader_path/Frameworks",
				);
				PRODUCT_BUNDLE_IDENTIFIER = com.bennett.GitCollaborationTests;
				PRODUCT_NAME = "$(TARGET_NAME)";
				SWIFT_VERSION = 4.0;
				TARGETED_DEVICE_FAMILY = "1,2";
				TEST_HOST = "$(BUILT_PRODUCTS_DIR)/GitCollaboration.app/GitCollaboration";
			};
			name = Release;
		};
		916A7161212DE3F7003FE485 /* Debug */ = {
			isa = XCBuildConfiguration;
			buildSettings = {
				ALWAYS_EMBED_SWIFT_STANDARD_LIBRARIES = YES;
				CODE_SIGN_STYLE = Automatic;
				INFOPLIST_FILE = GitCollaborationUITests/Info.plist;
				LD_RUNPATH_SEARCH_PATHS = (
					"$(inherited)",
					"@executable_path/Frameworks",
					"@loader_path/Frameworks",
				);
				PRODUCT_BUNDLE_IDENTIFIER = com.bennett.GitCollaborationUITests;
				PRODUCT_NAME = "$(TARGET_NAME)";
				SWIFT_VERSION = 4.0;
				TARGETED_DEVICE_FAMILY = "1,2";
				TEST_TARGET_NAME = GitCollaboration;
			};
			name = Debug;
		};
		916A7162212DE3F7003FE485 /* Release */ = {
			isa = XCBuildConfiguration;
			buildSettings = {
				ALWAYS_EMBED_SWIFT_STANDARD_LIBRARIES = YES;
				CODE_SIGN_STYLE = Automatic;
				INFOPLIST_FILE = GitCollaborationUITests/Info.plist;
				LD_RUNPATH_SEARCH_PATHS = (
					"$(inherited)",
					"@executable_path/Frameworks",
					"@loader_path/Frameworks",
				);
				PRODUCT_BUNDLE_IDENTIFIER = com.bennett.GitCollaborationUITests;
				PRODUCT_NAME = "$(TARGET_NAME)";
				SWIFT_VERSION = 4.0;
				TARGETED_DEVICE_FAMILY = "1,2";
				TEST_TARGET_NAME = GitCollaboration;
			};
			name = Release;
		};
/* End XCBuildConfiguration section */

/* Begin XCConfigurationList section */
		916A712D212DE3F3003FE485 /* Build configuration list for PBXProject "GitCollaboration" */ = {
			isa = XCConfigurationList;
			buildConfigurations = (
				916A7158212DE3F7003FE485 /* Debug */,
				916A7159212DE3F7003FE485 /* Release */,
			);
			defaultConfigurationIsVisible = 0;
			defaultConfigurationName = Release;
		};
		916A715A212DE3F7003FE485 /* Build configuration list for PBXNativeTarget "GitCollaboration" */ = {
			isa = XCConfigurationList;
			buildConfigurations = (
				916A715B212DE3F7003FE485 /* Debug */,
				916A715C212DE3F7003FE485 /* Release */,
			);
			defaultConfigurationIsVisible = 0;
			defaultConfigurationName = Release;
		};
		916A715D212DE3F7003FE485 /* Build configuration list for PBXNativeTarget "GitCollaborationTests" */ = {
			isa = XCConfigurationList;
			buildConfigurations = (
				916A715E212DE3F7003FE485 /* Debug */,
				916A715F212DE3F7003FE485 /* Release */,
			);
			defaultConfigurationIsVisible = 0;
			defaultConfigurationName = Release;
		};
		916A7160212DE3F7003FE485 /* Build configuration list for PBXNativeTarget "GitCollaborationUITests" */ = {
			isa = XCConfigurationList;
			buildConfigurations = (
				916A7161212DE3F7003FE485 /* Debug */,
				916A7162212DE3F7003FE485 /* Release */,
			);
			defaultConfigurationIsVisible = 0;
			defaultConfigurationName = Release;
		};
/* End XCConfigurationList section */
	};
	rootObject = 916A712A212DE3F3003FE485 /* Project object */;
}
